{
  "object": {
    "pins": [
      {
        "package": "AlfredWorkflowScriptFilter",
        "repositoryURL": "https://github.com/godbout/AlfredWorkflowScriptFilter",
        "state": {
          "branch": "master",
          "revision": "b3aa04607d6e8621aa55fa94038ec3671e8fa9a3",
          "version": null
        }
      },
      {
        "package": "SwiftSoup",
        "repositoryURL": "https://github.com/scinfu/SwiftSoup",
        "state": {
          "branch": null,
          "revision": "774dc9c7213085db8aa59595e27c1cd22e428904",
          "version": "2.3.2"
        }
      }
    ]
  },
  "version": 1
}
