{
  "object": {
    "pins": [
      {
        "package": "AlfredWorkflowScriptFilter",
        "repositoryURL": "https://github.com/godbout/AlfredWorkflowScriptFilter",
        "state": {
          "branch": null,
          "revision": "7560c50295d9b934d5a326df39feb16a7e464e68",
          "version": "1.0.0"
        }
      },
      {
        "package": "AlfredWorkflowUpdater",
        "repositoryURL": "https://github.com/godbout/AlfredWorkflowUpdater",
        "state": {
          "branch": null,
          "revision": "960f94e49b0eb9c3ca9ea81c5d2162073f47b73f",
          "version": "0.1.0"
        }
      },
      {
        "package": "SwiftSoup",
        "repositoryURL": "https://github.com/scinfu/SwiftSoup",
        "state": {
          "branch": null,
          "revision": "774dc9c7213085db8aa59595e27c1cd22e428904",
          "version": "2.3.2"
        }
      }
    ]
  },
  "version": 1
}
